{
    "_meta": {
        "hash": {
            "sha256": "6f6bb9f667646c3ce026627cc95d6bdabb2652f243c288404d91ac4c5085beef"
        },
        "pipfile-spec": 6,
        "requires": {
            "python_version": "3.6"
        },
        "sources": [
            {
                "name": "pypi",
                "url": "https://pypi.tuna.tsinghua.edu.cn/simple",
                "verify_ssl": true
            }
        ]
    },
    "default": {
        "asn1crypto": {
            "hashes": [
                "sha256:2f1adbb7546ed199e3c90ef23ec95c5cf3585bac7d11fb7eb562a3fe89c64e87",
                "sha256:9d5c20441baf0cb60a4ac34cc447c6c189024b6b4c6cd7877034f4965c464e49"
            ],
            "version": "==0.24.0"
        },
        "attrs": {
            "hashes": [
                "sha256:4b90b09eeeb9b88c35bc642cbac057e45a5fd85367b985bd2809c62b7b939265",
                "sha256:e0d0eb91441a3b53dab4d9b743eafc1ac44476296a2053b6ca3af0b139faf87b"
            ],
            "version": "==18.1.0"
        },
        "automat": {
            "hashes": [
                "sha256:cbd78b83fa2d81fe2a4d23d258e1661dd7493c9a50ee2f1a5b2cac61c1793b0e",
                "sha256:fdccab66b68498af9ecfa1fa43693abe546014dd25cf28543cbe9d1334916a58"
            ],
            "version": "==0.7.0"
        },
        "certifi": {
            "hashes": [
                "sha256:13e698f54293db9f89122b0581843a782ad0934a4fe0172d2a980ba77fc61bb7",
                "sha256:9fa520c1bacfb634fa7af20a76bcbd3d5fb390481724c597da32c719a7dca4b0"
            ],
            "version": "==2018.4.16"
        },
        "cffi": {
            "hashes": [
                "sha256:151b7eefd035c56b2b2e1eb9963c90c6302dc15fbd8c1c0a83a163ff2c7d7743",
                "sha256:1553d1e99f035ace1c0544050622b7bc963374a00c467edafac50ad7bd276aef",
                "sha256:1b0493c091a1898f1136e3f4f991a784437fac3673780ff9de3bcf46c80b6b50",
                "sha256:2ba8a45822b7aee805ab49abfe7eec16b90587f7f26df20c71dd89e45a97076f",
                "sha256:3bb6bd7266598f318063e584378b8e27c67de998a43362e8fce664c54ee52d30",
                "sha256:3c85641778460581c42924384f5e68076d724ceac0f267d66c757f7535069c93",
                "sha256:3eb6434197633b7748cea30bf0ba9f66727cdce45117a712b29a443943733257",
                "sha256:495c5c2d43bf6cebe0178eb3e88f9c4aa48d8934aa6e3cddb865c058da76756b",
                "sha256:4c91af6e967c2015729d3e69c2e51d92f9898c330d6a851bf8f121236f3defd3",
                "sha256:57b2533356cb2d8fac1555815929f7f5f14d68ac77b085d2326b571310f34f6e",
                "sha256:770f3782b31f50b68627e22f91cb182c48c47c02eb405fd689472aa7b7aa16dc",
                "sha256:79f9b6f7c46ae1f8ded75f68cf8ad50e5729ed4d590c74840471fc2823457d04",
                "sha256:7a33145e04d44ce95bcd71e522b478d282ad0eafaf34fe1ec5bbd73e662f22b6",
                "sha256:857959354ae3a6fa3da6651b966d13b0a8bed6bbc87a0de7b38a549db1d2a359",
                "sha256:87f37fe5130574ff76c17cab61e7d2538a16f843bb7bca8ebbc4b12de3078596",
                "sha256:95d5251e4b5ca00061f9d9f3d6fe537247e145a8524ae9fd30a2f8fbce993b5b",
                "sha256:9d1d3e63a4afdc29bd76ce6aa9d58c771cd1599fbba8cf5057e7860b203710dd",
                "sha256:a36c5c154f9d42ec176e6e620cb0dd275744aa1d804786a71ac37dc3661a5e95",
                "sha256:a6a5cb8809091ec9ac03edde9304b3ad82ad4466333432b16d78ef40e0cce0d5",
                "sha256:ae5e35a2c189d397b91034642cb0eab0e346f776ec2eb44a49a459e6615d6e2e",
                "sha256:b0f7d4a3df8f06cf49f9f121bead236e328074de6449866515cea4907bbc63d6",
                "sha256:b75110fb114fa366b29a027d0c9be3709579602ae111ff61674d28c93606acca",
                "sha256:ba5e697569f84b13640c9e193170e89c13c6244c24400fc57e88724ef610cd31",
                "sha256:be2a9b390f77fd7676d80bc3cdc4f8edb940d8c198ed2d8c0be1319018c778e1",
                "sha256:ca1bd81f40adc59011f58159e4aa6445fc585a32bb8ac9badf7a2c1aa23822f2",
                "sha256:d5d8555d9bfc3f02385c1c37e9f998e2011f0db4f90e250e5bc0c0a85a813085",
                "sha256:e55e22ac0a30023426564b1059b035973ec82186ddddbac867078435801c7801",
                "sha256:e90f17980e6ab0f3c2f3730e56d1fe9bcba1891eeea58966e89d352492cc74f4",
                "sha256:ecbb7b01409e9b782df5ded849c178a0aa7c906cf8c5a67368047daab282b184",
                "sha256:ed01918d545a38998bfa5902c7c00e0fee90e957ce036a4000a88e3fe2264917",
                "sha256:edabd457cd23a02965166026fd9bfd196f4324fe6032e866d0f3bd0301cd486f",
                "sha256:fdf1c1dc5bafc32bc5d08b054f94d659422b05aba244d6be4ddc1c72d9aa70fb"
            ],
            "version": "==1.11.5"
        },
        "chardet": {
            "hashes": [
                "sha256:84ab92ed1c4d4f16916e05906b6b75a6c0fb5db821cc65e70cbd64a3e2a5eaae",
                "sha256:fc323ffcaeaed0e0a02bf4d117757b98aed530d9ed4531e3e15460124c106691"
            ],
            "version": "==3.0.4"
        },
        "constantly": {
            "hashes": [
                "sha256:586372eb92059873e29eba4f9dec8381541b4d3834660707faf8ba59146dfc35",
                "sha256:dd2fa9d6b1a51a83f0d7dd76293d734046aa176e384bf6e33b7e44880eb37c5d"
            ],
            "version": "==15.1.0"
        },
        "cryptography": {
            "hashes": [
                "sha256:21af753934f2f6d1a10fe8f4c0a64315af209ef6adeaee63ca349797d747d687",
                "sha256:27bb401a20a838d6d0ea380f08c6ead3ccd8c9d8a0232dc9adcc0e4994576a66",
                "sha256:29720c4253263cff9aea64585adbbe85013ba647f6e98367efff9db2d7193ded",
                "sha256:2a35b7570d8f247889784010aac8b384fd2e4a47b33e15c4a60b45a7c1944120",
                "sha256:42c531a6a354407f42ee07fda5c2c0dc822cf6d52744949c182f2b295fbd4183",
                "sha256:5eb86f03f9c4f0ac2336ac5431271072ddf7ecc76b338e26366732cfac58aa19",
                "sha256:67f7f57eae8dede577f3f7775957f5bec93edd6bdb6ce597bb5b28e1bdf3d4fb",
                "sha256:6ec84edcbc966ae460560a51a90046503ff0b5b66157a9efc61515c68059f6c8",
                "sha256:7ba834564daef87557e7fcd35c3c3183a4147b0b3a57314e53317360b9b201b3",
                "sha256:7d7f084cbe1fdb82be5a0545062b59b1ad3637bc5a48612ac2eb428ff31b31ea",
                "sha256:82409f5150e529d699e5c33fa8fd85e965104db03bc564f5f4b6a9199e591f7c",
                "sha256:87d092a7c2a44e5f7414ab02fb4145723ebba411425e1a99773531dd4c0e9b8d",
                "sha256:8c56ef989342e42b9fcaba7c74b446f0cc9bed546dd00034fa7ad66fc00307ef",
                "sha256:9449f5d4d7c516a6118fa9210c4a00f34384cb1d2028672100ee0c6cce49d7f6",
                "sha256:bc2301170986ad82d9349a91eb8884e0e191209c45f5541b16aa7c0cfb135978",
                "sha256:c132bab45d4bd0fff1d3fe294d92b0a6eb8404e93337b3127bdec9f21de117e6",
                "sha256:c3d945b7b577f07a477700f618f46cbc287af3a9222cd73035c6ef527ef2c363",
                "sha256:cee18beb4c807b5c0b178f4fa2fae03cef9d51821a358c6890f8b23465b7e5d2",
                "sha256:d01dfc5c2b3495184f683574e03c70022674ca9a7be88589c5aba130d835ea90"
            ],
            "version": "==2.3"
        },
        "cssselect": {
            "hashes": [
                "sha256:066d8bc5229af09617e24b3ca4d52f1f9092d9e061931f4184cd572885c23204",
                "sha256:3b5103e8789da9e936a68d993b70df732d06b8bb9a337a05ed4eb52c17ef7206"
            ],
            "markers": "python_version >= '2.7' and python_version != '3.1.*' and python_version != '3.2.*' and python_version != '3.3.*' and python_version != '3.0.*'",
            "version": "==1.0.3"
        },
        "django": {
            "hashes": [
                "sha256:7f246078d5a546f63c28fc03ce71f4d7a23677ce42109219c24c9ffb28416137",
                "sha256:ea50d85709708621d956187c6b61d9f9ce155007b496dd914fdb35db8d790aec"
            ],
            "index": "pypi",
            "version": "==2.1"
        },
        "easyprocess": {
            "hashes": [
                "sha256:94e241cadc9a46f55b5c06000df85618849602e7e1865b8de87576b90a22e61f"
            ],
            "version": "==0.2.3"
        },
        "elasticsearch": {
            "hashes": [
                "sha256:658380fd60bdaf746fef12958f0abc49063218ce93ee1ae4ca1fe6291c896433",
                "sha256:ae91b089f2f2b5b3daa04297949e5f805ab12d187218cb587273f472656fd250"
            ],
            "markers": "python_version != '3.1.*' and python_version >= '2.6' and python_version != '3.3.*' and python_version != '3.2.*' and python_version < '4' and python_version != '3.0.*'",
            "version": "==5.5.3"
        },
        "elasticsearch-dsl": {
            "hashes": [
                "sha256:396393f7102a49605a91261d16218b5dd66b991a4a57cea982649cb52e6f25ac",
                "sha256:5d3800d75240e99bbb0b5b16041e88a65cc8f7ddb34b6041d515a2d76df4352b"
            ],
            "index": "pypi",
            "version": "==5.1.0"
        },
        "fake-useragent": {
            "hashes": [
                "sha256:cc9b9ddcebc708b3deac846f5fccb16e37c02ee47435a4ec7132271dd96aec8c"
            ],
            "index": "pypi",
            "version": "==0.1.10"
        },
        "hyperlink": {
            "hashes": [
                "sha256:98da4218a56b448c7ec7d2655cb339af1f7d751cf541469bb4fc28c4a4245b34",
                "sha256:f01b4ff744f14bc5d0a22a6b9f1525ab7d6312cb0ff967f59414bbac52f0a306"
            ],
            "version": "==18.0.0"
        },
        "idna": {
            "hashes": [
                "sha256:156a6814fb5ac1fc6850fb002e0852d56c0c8d2531923a51032d1b70760e186e",
                "sha256:684a38a6f903c1d71d6d5fac066b58d7768af4de2b832e426ec79c30daa94a16"
            ],
            "version": "==2.7"
        },
        "incremental": {
            "hashes": [
                "sha256:717e12246dddf231a349175f48d74d93e2897244939173b01974ab6661406b9f",
                "sha256:7b751696aaf36eebfab537e458929e194460051ccad279c72b755a167eebd4b3"
            ],
            "version": "==17.5.0"
        },
        "lxml": {
            "hashes": [
                "sha256:0cf1eca0652c4409e0655e04b840d6d85b7eb18718f5fba3862acad5500e3480",
                "sha256:10624ef1b468252309f269b13af4f837e3a82be366b5f3e49b0e83f1ad66205f",
                "sha256:1259e374da3a575615fe402e0966c5894bae3d2e229c2239ba4ebf2bb020c4b6",
                "sha256:26bb748af1ead0097eb8272b8a06f15a0015b8f312eef772a95f223a16e7de56",
                "sha256:27d0b13bcfcf2f6a5664e64fc3d684c76db1cdba5a5761795d154063559e0b59",
                "sha256:2b013fdabcbc21bc2770437099b921ec290235752b5baaac7a601f75094a378d",
                "sha256:2e469ea2c0b722b9b393187649e7d126c537a68512fc92a676fe86e57050c2a9",
                "sha256:37f7c2cdf513a0ea239c1609681880fb2f0073de0d2996e0ae9a7f0ef15d8b95",
                "sha256:68c6afc7a4411db2df28307e2493c945cb3d887e8f431b81811c1ea6ba087b8b",
                "sha256:73fe3452fc02c0b418914f842f897bdad0f1184368d8d9c315294ff7b94946f2",
                "sha256:7584d83d7315f641510e5f97f4d636ea225fd76e3f8aee965b2e8c93a8169b4d",
                "sha256:76e3ec6b26b1198dd5e6e20539d8360dcd3b224cd80cadba9307b790fda79161",
                "sha256:8288a889cbaa446e5fa168837456e63098b91953c89e5857968a5091b337cdca",
                "sha256:ad9e1fee284dec97b74cd88e925eca1575145598c974243cfb5e859f406adc32",
                "sha256:b360c3769cf0fd7d82577e40e37d4caf693f67744d0d61d11d66b5c31eaccf7a",
                "sha256:c4aaf320284a2713428163bae0e7df0db3b489237ab4830179210a12d56d3068",
                "sha256:c530274e43b0f376cd94e8e0a3e6ea28de1739ec4326689bdbf626e172d2e614",
                "sha256:ca4e79294fd0f3f9e0e5a4c309df84b5f2abc62349bfaf2aaf8965e5108ef8e2",
                "sha256:ce2dc5a104e885abbd48d0cc92ae74afa1d685ee65d6e3497067207d6a26e177",
                "sha256:d295cac30d3e13e82473081ea7df2a11352b5625cb54187fcd5a8be5d9ebf315",
                "sha256:d498338b39c4757ba88bdc705b3a0647d18554856cd2d394ac3bb919ac890c9d",
                "sha256:d537f8e613074805e17039e345edaa822534f66f07d315c89cff9824aa996d65",
                "sha256:df8ba3f52ef59a553b0e94593ea526c34faa4f531c1ab7f5ca7f392bc770c9e3",
                "sha256:e2553800d2d461a2dc329682d0a9068f238ec11d763e5454c61c4df7a0346ed2",
                "sha256:e2afbe403090f5893e254958d02875e0732975e73c4c0cdd33c1f009a61963ca",
                "sha256:e740efa625883f3c4de20c7e1411228d7ce2ab47b9e874a703f6681ec0558a30",
                "sha256:ec7864b62da0f5ae44973351247f2250a25b9b544fc6aff8bd6a75da1156cc70",
                "sha256:f26ddab491b10279b7e8e3fdcbaaaba3ab282fbaecfa48a19874dfc4d53b9d4f",
                "sha256:f6a16681f30918521066ddcc4ba79c1e033c9837dd94f78f5a9f6110e7572185",
                "sha256:f968623ac9b81a6253d4bbbe3f4d1e6be5f33707f397b566935783511bfa281a"
            ],
            "version": "==4.2.4"
        },
        "mysqlclient": {
            "hashes": [
                "sha256:ff8ee1be84215e6c30a746b728c41eb0701a46ca76e343af445b35ce6250644f"
            ],
            "index": "pypi",
            "version": "==1.3.13"
        },
        "parsel": {
            "hashes": [
                "sha256:a4d581260eb845a762b9a354b0fc5e1c5c42df009dc8163c181097bd5314db58",
                "sha256:b24618fe81dce29d717aa8c4a9534c46e807dd6a5c8d5e1bb3b1fdb3fbd22b56"
            ],
            "markers": "python_version >= '2.7' and python_version != '3.1.*' and python_version != '3.2.*' and python_version != '3.3.*' and python_version != '3.0.*'",
            "version": "==1.5.0"
        },
        "pillow": {
            "hashes": [
                "sha256:00def5b638994f888d1058e4d17c86dec8e1113c3741a0a8a659039aec59a83a",
                "sha256:026449b64e559226cdb8e6d8c931b5965d8fc90ec18ebbb0baa04c5b36503c72",
                "sha256:03dbb224ee196ef30ed2156d41b579143e1efeb422974719a5392fc035e4f574",
                "sha256:03eb0e04f929c102ae24bc436bf1c0c60a4e63b07ebd388e84d8b219df3e6acd",
                "sha256:1be66b9a89e367e7d20d6cae419794997921fe105090fafd86ef39e20a3baab2",
                "sha256:1e977a3ed998a599bda5021fb2c2889060617627d3ae228297a529a082a3cd5c",
                "sha256:22cf3406d135cfcc13ec6228ade774c8461e125c940e80455f500638429be273",
                "sha256:24adccf1e834f82718c7fc8e3ec1093738da95144b8b1e44c99d5fc7d3e9c554",
                "sha256:2a3e362c97a5e6a259ee9cd66553292a1f8928a5bdfa3622fdb1501570834612",
                "sha256:3832e26ecbc9d8a500821e3a1d3765bda99d04ae29ffbb2efba49f5f788dc934",
                "sha256:4fd1f0c2dc02aaec729d91c92cd85a2df0289d88e9f68d1e8faba750bb9c4786",
                "sha256:4fda62030f2c515b6e2e673c57caa55cb04026a81968f3128aae10fc28e5cc27",
                "sha256:5044d75a68b49ce36a813c82d8201384207112d5d81643937fc758c05302f05b",
                "sha256:522184556921512ec484cb93bd84e0bab915d0ac5a372d49571c241a7f73db62",
                "sha256:5914cff11f3e920626da48e564be6818831713a3087586302444b9c70e8552d9",
                "sha256:6661a7908d68c4a133e03dac8178287aa20a99f841ea90beeb98a233ae3fd710",
                "sha256:79258a8df3e309a54c7ef2ef4a59bb8e28f7e4a8992a3ad17c24b1889ced44f3",
                "sha256:7d74c20b8f1c3e99d3f781d3b8ff5abfefdd7363d61e23bdeba9992ff32cc4b4",
                "sha256:81918afeafc16ba5d9d0d4e9445905f21aac969a4ebb6f2bff4b9886da100f4b",
                "sha256:8194d913ca1f459377c8a4ed8f9b7ad750068b8e0e3f3f9c6963fcc87a84515f",
                "sha256:84d5d31200b11b3c76fab853b89ac898bf2d05c8b3da07c1fcc23feb06359d6e",
                "sha256:989981db57abffb52026b114c9a1f114c7142860a6d30a352d28f8cbf186500b",
                "sha256:a3d7511d3fad1618a82299aab71a5fceee5c015653a77ffea75ced9ef917e71a",
                "sha256:b3ef168d4d6fd4fa6685aef7c91400f59f7ab1c0da734541f7031699741fb23f",
                "sha256:c1c5792b6e74bbf2af0f8e892272c2a6c48efa895903211f11b8342e03129fea",
                "sha256:c5dcb5a56aebb8a8f2585042b2f5c496d7624f0bcfe248f0cc33ceb2fd8d39e7",
                "sha256:e2bed4a04e2ca1050bb5f00865cf2f83c0b92fd62454d9244f690fcd842e27a4",
                "sha256:e87a527c06319428007e8c30511e1f0ce035cb7f14bb4793b003ed532c3b9333",
                "sha256:f63e420180cbe22ff6e32558b612e75f50616fc111c5e095a4631946c782e109",
                "sha256:f8b3d413c5a8f84b12cd4c5df1d8e211777c9852c6be3ee9c094b626644d3eab"
            ],
            "index": "pypi",
            "version": "==5.2.0"
        },
        "pyasn1": {
            "hashes": [
                "sha256:b9d3abc5031e61927c82d4d96c1cec1e55676c1a991623cfed28faea73cdd7ca",
                "sha256:f58f2a3d12fd754aa123e9fa74fb7345333000a035f3921dbdaa08597aa53137"
            ],
            "version": "==0.4.4"
        },
        "pyasn1-modules": {
            "hashes": [
                "sha256:a0cf3e1842e7c60fde97cb22d275eb6f9524f5c5250489e292529de841417547",
                "sha256:a38a8811ea784c0136abfdba73963876328f66172db21a05a82f9515909bfb4e"
            ],
            "version": "==0.2.2"
        },
        "pycparser": {
            "hashes": [
                "sha256:99a8ca03e29851d96616ad0404b4aad7d9ee16f25c9f9708a11faf2810f7b226"
            ],
            "version": "==2.18"
        },
        "pydispatcher": {
            "hashes": [
                "sha256:5570069e1b1769af1fe481de6dd1d3a388492acddd2cdad7a3bde145615d5caf",
                "sha256:5be4a8be12805ef7d712dd9a93284fb8bc53f309867e573f653a72e5fd10e433"
            ],
            "version": "==2.0.5"
        },
        "pyhamcrest": {
            "hashes": [
                "sha256:6b672c02fdf7470df9674ab82263841ce8333fb143f32f021f6cb26f0e512420",
                "sha256:8ffaa0a53da57e89de14ced7185ac746227a8894dbd5a3c718bf05ddbd1d56cd"
            ],
            "version": "==1.9.0"
        },
        "pyopenssl": {
            "hashes": [
                "sha256:26ff56a6b5ecaf3a2a59f132681e2a80afcc76b4f902f612f518f92c2a1bf854",
                "sha256:6488f1423b00f73b7ad5167885312bb0ce410d3312eb212393795b53c8caa580"
            ],
            "version": "==18.0.0"
        },
        "python-dateutil": {
            "hashes": [
                "sha256:1adb80e7a782c12e52ef9a8182bebeb73f1d7e24e374397af06fb4956c8dc5c0",
                "sha256:e27001de32f627c22380a688bcc43ce83504a7bc5da472209b4c70f02829f0b8"
            ],
            "version": "==2.7.3"
        },
        "pytz": {
            "hashes": [
                "sha256:a061aa0a9e06881eb8b3b2b43f05b9439d6583c206d0a6c340ff72a7b6669053",
                "sha256:ffb9ef1de172603304d9d2819af6f5ece76f2e85ec10692a524dd876e72bf277"
            ],
            "version": "==2018.5"
        },
        "pyvirtualdisplay": {
            "hashes": [
                "sha256:012883851a992f9c53f0dc6a512765a95cf241bdb734af79e6bdfef95c6e9982"
            ],
            "index": "pypi",
            "version": "==0.2.1"
        },
        "queuelib": {
            "hashes": [
                "sha256:42b413295551bdc24ed9376c1a2cd7d0b1b0fa4746b77b27ca2b797a276a1a17",
                "sha256:ff43b5b74b9266f8df4232a8f768dc4d67281a271905e2ed4a3689d4d304cd02"
            ],
            "version": "==1.5.0"
        },
        "redis": {
            "hashes": [
                "sha256:8a1900a9f2a0a44ecf6e8b5eb3e967a9909dfed219ad66df094f27f7d6f330fb",
                "sha256:a22ca993cea2962dbb588f9f30d0015ac4afcc45bee27d3978c0dbe9e97c6c0f"
            ],
            "index": "pypi",
            "version": "==2.10.6"
        },
        "requests": {
            "hashes": [
                "sha256:63b52e3c866428a224f97cab011de738c36aec0185aa91cfacd418b5d58911d1",
                "sha256:ec22d826a36ed72a7358ff3fe56cbd4ba69dd7a6718ffd450ff0e9df7a47ce6a"
            ],
            "index": "pypi",
            "version": "==2.19.1"
        },
        "scrapy": {
            "hashes": [
                "sha256:5a398bf6818f87dcc817c919408a195f19ba46414ae12f259119336cfa862bb6",
                "sha256:5b9621731e26b0d195ca3e25ab34d559f45b0b906c0a0cc359199f1b6b612184"
            ],
            "index": "pypi",
            "version": "==1.5.1"
        },
        "selenium": {
            "hashes": [
                "sha256:c53d13a2627d835fee3d1d6291214c62196dfeb6f5f35572bacf31ac60c030c0",
                "sha256:f9ca21919b564a0a86012cd2177923e3a7f37c4a574207086e710192452a7c40"
            ],
            "index": "pypi",
            "version": "==3.14.0"
        },
        "service-identity": {
            "hashes": [
                "sha256:0e76f3c042cc0f5c7e6da002cf646f59dc4023962d1d1166343ce53bdad39e17",
                "sha256:4001fbb3da19e0df22c47a06d29681a398473af4aa9d745eca525b3b2c2302ab"
            ],
            "version": "==17.0.0"
        },
        "six": {
            "hashes": [
                "sha256:70e8a77beed4562e7f14fe23a786b54f6296e34344c23bc42f07b15018ff98e9",
                "sha256:832dc0e10feb1aa2c68dcc57dbb658f1c7e65b9b61af69048abc87a2db00a0eb"
            ],
            "version": "==1.11.0"
        },
        "twisted": {
            "hashes": [
                "sha256:5de7b79b26aee64efe63319bb8f037af88c21287d1502b39706c818065b3d5a4",
                "sha256:95ae985716e8107816d8d0df249d558dbaabb677987cc2ace45272c166b267e4"
            ],
            "version": "==18.7.0"
        },
        "urllib3": {
            "hashes": [
                "sha256:a68ac5e15e76e7e5dd2b8f94007233e01effe3e50e8daddf69acfd81cb686baf",
                "sha256:b5725a0bd4ba422ab0e66e89e030c806576753ea3ee08554382c14e685d117b5"
            ],
            "markers": "python_version != '3.0.*' and python_version != '3.1.*' and python_version >= '2.6' and python_version < '4' and python_version != '3.2.*' and python_version != '3.3.*'",
            "version": "==1.23"
        },
        "w3lib": {
            "hashes": [
                "sha256:55994787e93b411c2d659068b51b9998d9d0c05e0df188e6daf8f45836e1ea38",
                "sha256:aaf7362464532b1036ab0092e2eee78e8fd7b56787baa9ed4967457b083d011b"
            ],
            "version": "==1.19.0"
        },
        "zope.interface": {
            "hashes": [
                "sha256:21506674d30c009271fe68a242d330c83b1b9d76d62d03d87e1e9528c61beea6",
                "sha256:3d184aff0756c44fff7de69eb4cd5b5311b6f452d4de28cb08343b3f21993763",
                "sha256:467d364b24cb398f76ad5e90398d71b9325eb4232be9e8a50d6a3b3c7a1c8789",
                "sha256:57c38470d9f57e37afb460c399eb254e7193ac7fb8042bd09bdc001981a9c74c",
                "sha256:9ada83f4384bbb12dedc152bcdd46a3ac9f5f7720d43ac3ce3e8e8b91d733c10",
                "sha256:a1daf9c5120f3cc6f2b5fef8e1d2a3fb7bbbb20ed4bfdc25bc8364bc62dcf54b",
                "sha256:e6b77ae84f2b8502d99a7855fa33334a1eb6159de45626905cb3e454c023f339",
                "sha256:e881ef610ff48aece2f4ee2af03d2db1a146dc7c705561bd6089b2356f61641f",
                "sha256:f41037260deaacb875db250021fe883bf536bf6414a4fd25b25059b02e31b120"
            ],
            "markers": "python_version >= '2.7' and python_version != '3.1.*' and python_version != '3.2.*' and python_version != '3.3.*' and python_version != '3.0.*'",
            "version": "==4.5.0"
        }
    },
    "develop": {
        "astroid": {
            "hashes": [
                "sha256:a48b57ede295c3188ef5c84273bc2a8eadc46e4cbb001eae0d49fb5d1fabbb19",
                "sha256:d066cdeec5faeb51a4be5010da612680653d844b57afd86a5c8315f2f801b4cc"
            ],
            "version": "==2.0.2"
        },
        "autopep8": {
            "hashes": [
                "sha256:2284d4ae2052fedb9f466c09728e30d2e231cfded5ffd7b1a20c34123fdc4ba4"
            ],
            "index": "pypi",
            "version": "==1.3.5"
        },
        "isort": {
            "hashes": [
                "sha256:1153601da39a25b14ddc54955dbbacbb6b2d19135386699e2ad58517953b34af",
                "sha256:b9c40e9750f3d77e6e4d441d8b0266cf555e7cdabdcff33c4fd06366ca761ef8",
                "sha256:ec9ef8f4a9bc6f71eec99e1806bfa2de401650d996c59330782b89a5555c1497"
            ],
            "markers": "python_version != '3.1.*' and python_version != '3.2.*' and python_version >= '2.7' and python_version != '3.3.*' and python_version != '3.0.*'",
            "version": "==4.3.4"
        },
        "lazy-object-proxy": {
            "hashes": [
                "sha256:0ce34342b419bd8f018e6666bfef729aec3edf62345a53b537a4dcc115746a33",
                "sha256:1b668120716eb7ee21d8a38815e5eb3bb8211117d9a90b0f8e21722c0758cc39",
                "sha256:209615b0fe4624d79e50220ce3310ca1a9445fd8e6d3572a896e7f9146bbf019",
                "sha256:27bf62cb2b1a2068d443ff7097ee33393f8483b570b475db8ebf7e1cba64f088",
                "sha256:27ea6fd1c02dcc78172a82fc37fcc0992a94e4cecf53cb6d73f11749825bd98b",
                "sha256:2c1b21b44ac9beb0fc848d3993924147ba45c4ebc24be19825e57aabbe74a99e",
                "sha256:2df72ab12046a3496a92476020a1a0abf78b2a7db9ff4dc2036b8dd980203ae6",
                "sha256:320ffd3de9699d3892048baee45ebfbbf9388a7d65d832d7e580243ade426d2b",
                "sha256:50e3b9a464d5d08cc5227413db0d1c4707b6172e4d4d915c1c70e4de0bbff1f5",
                "sha256:5276db7ff62bb7b52f77f1f51ed58850e315154249aceb42e7f4c611f0f847ff",
                "sha256:61a6cf00dcb1a7f0c773ed4acc509cb636af2d6337a08f362413c76b2b47a8dd",
                "sha256:6ae6c4cb59f199d8827c5a07546b2ab7e85d262acaccaacd49b62f53f7c456f7",
                "sha256:7661d401d60d8bf15bb5da39e4dd72f5d764c5aff5a86ef52a042506e3e970ff",
                "sha256:7bd527f36a605c914efca5d3d014170b2cb184723e423d26b1fb2fd9108e264d",
                "sha256:7cb54db3535c8686ea12e9535eb087d32421184eacc6939ef15ef50f83a5e7e2",
                "sha256:7f3a2d740291f7f2c111d86a1c4851b70fb000a6c8883a59660d95ad57b9df35",
                "sha256:81304b7d8e9c824d058087dcb89144842c8e0dea6d281c031f59f0acf66963d4",
                "sha256:933947e8b4fbe617a51528b09851685138b49d511af0b6c0da2539115d6d4514",
                "sha256:94223d7f060301b3a8c09c9b3bc3294b56b2188e7d8179c762a1cda72c979252",
                "sha256:ab3ca49afcb47058393b0122428358d2fbe0408cf99f1b58b295cfeb4ed39109",
                "sha256:bd6292f565ca46dee4e737ebcc20742e3b5be2b01556dafe169f6c65d088875f",
                "sha256:cb924aa3e4a3fb644d0c463cad5bc2572649a6a3f68a7f8e4fbe44aaa6d77e4c",
                "sha256:d0fc7a286feac9077ec52a927fc9fe8fe2fabab95426722be4c953c9a8bede92",
                "sha256:ddc34786490a6e4ec0a855d401034cbd1242ef186c20d79d2166d6a4bd449577",
                "sha256:e34b155e36fa9da7e1b7c738ed7767fc9491a62ec6af70fe9da4a057759edc2d",
                "sha256:e5b9e8f6bda48460b7b143c3821b21b452cb3a835e6bbd5dd33aa0c8d3f5137d",
                "sha256:e81ebf6c5ee9684be8f2c87563880f93eedd56dd2b6146d8a725b50b7e5adb0f",
                "sha256:eb91be369f945f10d3a49f5f9be8b3d0b93a4c2be8f8a5b83b0571b8123e0a7a",
                "sha256:f460d1ceb0e4a5dcb2a652db0904224f367c9b3c1470d5a7683c0480e582468b"
            ],
            "version": "==1.3.1"
        },
        "mccabe": {
            "hashes": [
                "sha256:ab8a6258860da4b6677da4bd2fe5dc2c659cff31b3ee4f7f5d64e79735b80d42",
                "sha256:dd8d182285a0fe56bace7f45b5e7d1a6ebcbf524e8f3bd87eb0f125271b8831f"
            ],
            "version": "==0.6.1"
        },
        "pycodestyle": {
            "hashes": [
                "sha256:cbc619d09254895b0d12c2c691e237b2e91e9b2ecf5e84c26b35400f93dcfb83",
                "sha256:cbfca99bd594a10f674d0cd97a3d802a1fdef635d4361e1a2658de47ed261e3a"
            ],
            "version": "==2.4.0"
        },
        "pylint": {
            "hashes": [
                "sha256:1d6d3622c94b4887115fe5204982eee66fdd8a951cf98635ee5caee6ec98c3ec",
                "sha256:31142f764d2a7cd41df5196f9933b12b7ee55e73ef12204b648ad7e556c119fb"
            ],
            "index": "pypi",
            "version": "==2.1.1"
        },
        "six": {
            "hashes": [
                "sha256:70e8a77beed4562e7f14fe23a786b54f6296e34344c23bc42f07b15018ff98e9",
                "sha256:832dc0e10feb1aa2c68dcc57dbb658f1c7e65b9b61af69048abc87a2db00a0eb"
            ],
            "version": "==1.11.0"
        },
        "typed-ast": {
            "hashes": [
                "sha256:0948004fa228ae071054f5208840a1e88747a357ec1101c17217bfe99b299d58",
                "sha256:10703d3cec8dcd9eef5a630a04056bbc898abc19bac5691612acba7d1325b66d",
                "sha256:1f6c4bd0bdc0f14246fd41262df7dfc018d65bb05f6e16390b7ea26ca454a291",
                "sha256:25d8feefe27eb0303b73545416b13d108c6067b846b543738a25ff304824ed9a",
                "sha256:29464a177d56e4e055b5f7b629935af7f49c196be47528cc94e0a7bf83fbc2b9",
                "sha256:2e214b72168ea0275efd6c884b114ab42e316de3ffa125b267e732ed2abda892",
                "sha256:3e0d5e48e3a23e9a4d1a9f698e32a542a4a288c871d33ed8df1b092a40f3a0f9",
                "sha256:519425deca5c2b2bdac49f77b2c5625781abbaf9a809d727d3a5596b30bb4ded",
                "sha256:57fe287f0cdd9ceaf69e7b71a2e94a24b5d268b35df251a88fef5cc241bf73aa",
                "sha256:668d0cec391d9aed1c6a388b0d5b97cd22e6073eaa5fbaa6d2946603b4871efe",
                "sha256:68ba70684990f59497680ff90d18e756a47bf4863c604098f10de9716b2c0bdd",
                "sha256:6de012d2b166fe7a4cdf505eee3aaa12192f7ba365beeefaca4ec10e31241a85",
                "sha256:79b91ebe5a28d349b6d0d323023350133e927b4de5b651a8aa2db69c761420c6",
                "sha256:8550177fa5d4c1f09b5e5f524411c44633c80ec69b24e0e98906dd761941ca46",
                "sha256:898f818399cafcdb93cbbe15fc83a33d05f18e29fb498ddc09b0214cdfc7cd51",
                "sha256:94b091dc0f19291adcb279a108f5d38de2430411068b219f41b343c03b28fb1f",
                "sha256:a26863198902cda15ab4503991e8cf1ca874219e0118cbf07c126bce7c4db129",
                "sha256:a8034021801bc0440f2e027c354b4eafd95891b573e12ff0418dec385c76785c",
                "sha256:bc978ac17468fe868ee589c795d06777f75496b1ed576d308002c8a5756fb9ea",
                "sha256:c05b41bc1deade9f90ddc5d988fe506208019ebba9f2578c622516fd201f5863",
                "sha256:c9b060bd1e5a26ab6e8267fd46fc9e02b54eb15fffb16d112d4c7b1c12987559",
                "sha256:edb04bdd45bfd76c8292c4d9654568efaedf76fe78eb246dde69bdb13b2dad87",
                "sha256:f19f2a4f547505fe9072e15f6f4ae714af51b5a681a97f187971f50c283193b6"
            ],
            "version": "==1.1.0"
        },
        "typing": {
            "hashes": [
                "sha256:3a887b021a77b292e151afb75323dea88a7bc1b3dfa92176cff8e44c8b68bddf",
                "sha256:b2c689d54e1144bbcfd191b0832980a21c2dbcf7b5ff7a66248a60c90e951eb8",
                "sha256:d400a9344254803a2368533e4533a4200d21eb7b6b729c173bc38201a74db3f2"
            ],
            "version": "==3.6.4"
        },
        "wrapt": {
            "hashes": [
                "sha256:d4d560d479f2c21e1b5443bbd15fe7ec4b37fe7e53d335d3b9b0a7b1226fe3c6"
            ],
            "version": "==1.10.11"
        }
    }
}
