{
    "_meta": {
        "hash": {
            "sha256": "6dbc3d0250c88e510c564c53b2664702064019c8bc12f87f2c0679acccc77420"
        },
        "pipfile-spec": 6,
        "requires": {
            "python_version": "3.6"
        },
        "sources": [
            {
                "name": "pypi",
                "url": "https://pypi.org/simple",
                "verify_ssl": true
            }
        ]
    },
    "default": {
        "amqp": {
            "hashes": [
                "sha256:043beb485774ca69718a35602089e524f87168268f0d1ae115f28b88d27f92d7",
                "sha256:35a3b5006ca00b21aaeec8ceea07130f07b902dd61bfe42815039835f962f5f1"
            ],
            "version": "==2.4.2"
        },
        "billiard": {
            "hashes": [
                "sha256:42d9a227401ac4fba892918bba0a0c409def5435c4b483267ebfe821afaaba0e"
            ],
            "version": "==3.5.0.5"
        },
        "celery": {
            "hashes": [
                "sha256:77ff3730198d6a17b3c1f05579ebe570b579efb35f6d7e13dba3b1368d068b35",
                "sha256:81a67f0d53a688ec2bc8557bd5d6d7218f925a6f2e6df80e01560de9e28997ec"
            ],
            "index": "pypi",
            "version": "==4.1.0"
        },
        "django": {
            "hashes": [
                "sha256:066bad42cb4c66944e7efcf7304d3d17f7b0eb222e53958cdd866420d2e8b412",
                "sha256:6a03ce2feafdd193a0ba8a26dbd9773e757d2e5d5e7933a62eac129813bd381a"
            ],
            "index": "pypi",
            "version": "==1.8"
        },
        "django-redis": {
            "hashes": [
                "sha256:5229da5b07ccb8d3e3e9ee098c0b7c03e20eba48634bc456697dd73d62c68b19",
                "sha256:9660332cf9de5689a7ebbe0c623c4a0de79e0916a6ae867b5d0b94759bba46c9"
            ],
            "index": "pypi",
            "version": "==4.8.0"
        },
        "django-tinymce": {
            "hashes": [
                "sha256:a3ad14e246ba0d021fdb26e43f2d191a5440b7da4f0194b7f92679780bf354f4",
                "sha256:cb087f742a2d8f413f1ba01af9568ef2077fead11fcafdf1907f0fa5cff4695a"
            ],
            "index": "pypi",
            "version": "==2.6.0"
        },
        "itsdangerous": {
            "hashes": [
                "sha256:cbb3fcf8d3e33df861709ecaf89d9e6629cff0a217bc2848f1b41cd30d360519"
            ],
            "index": "pypi",
            "version": "==0.24"
        },
        "kombu": {
            "hashes": [
                "sha256:01f0da9fe222a2183345004243d1518c0fbe5875955f1b24842f2d9c65709ade",
                "sha256:4249d9dd9dbf1fcec471d1c2def20653c9310dd1a217272d77e4844f9d5273cb"
            ],
            "index": "pypi",
            "version": "==4.1.0"
        },
        "olefile": {
            "hashes": [
                "sha256:133b031eaf8fd2c9399b78b8bc5b8fcbe4c31e85295749bb17a87cba8f3c3964"
            ],
            "version": "==0.46"
        },
        "pillow": {
            "hashes": [
                "sha256:0e3b56364a2c772c961a8faad8a835d3f24d8848310de035c9e07cc006035cbc",
                "sha256:1d742642d01914b7e0cf6fd597a51f57d21fd68f794cf84803e03e72db78a261",
                "sha256:2046a2001e2c413998951cc28aa0dbfd4cff846a12e24c2145d42630d5104094",
                "sha256:39c7c9dcf64430091e30ef14d4191b4cae9b7b5ff29762357730aac4866fb189",
                "sha256:4fb8ab0f8895fb946454ef6ffe806f49ee387095f2d6112ae24670e5fb8fbcd9",
                "sha256:53eaec751151b5713a15b1cd62b06d0fc16d72f56623c15448728c554c30770b",
                "sha256:54898190b538a6c8fa4228e866ff2e7609da1ba9fd1d9cc5dc8ca591d37ce0a8",
                "sha256:575a9b3468c82f38be0419cd39d35001ae95a0cc5226534e45430035fecef583",
                "sha256:59cef683d79b85d55a950c1e61dc7b6be0c45a5074692746354cd9a8ace1cd17",
                "sha256:6d814aa655d94c63547fc3208cb6ab886ff1a64c543b31f52658663b1bb3f011",
                "sha256:759e5e3e99c4ac87b99e9288a75236c63173d1bb24c8d3f9d9d2c8332fceeb0a",
                "sha256:822e4fc261d12fa44d88dadee0e93d59663db94d962d4ffffbf09b1fe5e5be51",
                "sha256:9184b9788a9cf677e53626a4dc141136a22d349a5480479b98defd3cfb5015a4",
                "sha256:92087cb92a968421f42235f7d8153f4766b6ba213a6efb36b8060f3c9d294569",
                "sha256:922aeb050bd52d8ce9531ab57fd2440bfe975900e8700fec385fb741c3c557c7",
                "sha256:9adcfa2477b7e279ebeee75b49f535518201bbd7d26ca2ef1cf6751cb6e658e8",
                "sha256:a336596b06e062b92eb8201a3b5dff07ae01c3a5d08ce5539d2da49b123f2be6",
                "sha256:a6f43511c79bed431ec2b56e55150b5222c732cd9e5f80e77a44e068e94c71fc",
                "sha256:a97c715d44efd5b4aa8d739b8fad88b93ed79f1b33fc2822d5802043f3b1b527",
                "sha256:b13106cb83a3b7d1a02fafb94bfafbc980465ba948b76ea1996245959c6783d2",
                "sha256:be803fae6af36639524a0f6861a8cface67bbec66c3416c3eaf592f1d45b8b20",
                "sha256:cc6a5ed5b8f9d2f25e4e42d562e0ec4df3ce838f9e9b9d9d9b65fac6fe93a4cc",
                "sha256:dc32362d0cadf18c3aef7040455760106cafe7dd3c211dc27c507e746376bb56",
                "sha256:e595312f67962d6b4fde3b7dffaaaca4becefa522d677676bb57b0ec5f8f921a",
                "sha256:e66080685863444738f08e13081c287e340b6e4f8bd674a2e0da967776ac6f46",
                "sha256:effa82e72f5064439a3d2c7ff615b999eb1c4d65bb1f1e6ee6e2ddb345b3e81e",
                "sha256:f2d71951f473744ac617b645b62d0c4df5372ef4618c425646bfe5e2e8878e61"
            ],
            "index": "pypi",
            "version": "==4.3.0"
        },
        "pymysql": {
            "hashes": [
                "sha256:56e3f5bcef6501012233620b54f6a7b8a34edc5751e85e4e3da9a0d808df5f68",
                "sha256:ac3dfb1f650582eca2e1e0701598bc04364ac464daa425cbbc26bb32ae54cdd5"
            ],
            "index": "pypi",
            "version": "==0.7.11"
        },
        "pytz": {
            "hashes": [
                "sha256:303879e36b721603cc54604edcac9d20401bdbe31e1e4fdee5b9f98d5d31dfda",
                "sha256:d747dd3d23d77ef44c6a3526e274af6efeb0a6f1afd5a69ba4d5be4098c8e141"
            ],
            "version": "==2019.1"
        },
        "redis": {
            "hashes": [
                "sha256:8a1900a9f2a0a44ecf6e8b5eb3e967a9909dfed219ad66df094f27f7d6f330fb",
                "sha256:a22ca993cea2962dbb588f9f30d0015ac4afcc45bee27d3978c0dbe9e97c6c0f"
            ],
            "index": "pypi",
            "version": "==2.10.6"
        },
        "vine": {
            "hashes": [
                "sha256:133ee6d7a9016f177ddeaf191c1f58421a1dcc6ee9a42c58b34bed40e1d2cd87",
                "sha256:ea4947cc56d1fd6f2095c8d543ee25dad966f78692528e68b4fada11ba3f98af"
            ],
            "version": "==1.3.0"
        }
    },
    "develop": {}
}
