{
    "_meta": {
        "hash": {
            "sha256": "c58e3afebaf35f114ea7824e2c1c6b03f1ba6d31e3dc03261dbcb0600ab5f192"
        },
        "pipfile-spec": 6,
        "requires": {
            "python_version": "3.6"
        },
        "sources": [
            {
                "name": "pypi",
                "url": "https://pypi.org/simple",
                "verify_ssl": true
            }
        ]
    },
    "default": {
        "django": {
            "hashes": [
                "sha256:066bad42cb4c66944e7efcf7304d3d17f7b0eb222e53958cdd866420d2e8b412",
                "sha256:6a03ce2feafdd193a0ba8a26dbd9773e757d2e5d5e7933a62eac129813bd381a"
            ],
            "index": "pypi",
            "version": "==1.8"
        },
        "django-tinymce": {
            "hashes": [
                "sha256:5a6e21406daafab22124be5c447abdfe78937307420daae0b997d2be0f08c58b",
                "sha256:bb7311a2ce705a0b95f4ae8fab4f17445982719b557f4e935d68dae514f7df0a"
            ],
            "index": "pypi",
            "version": "==2.8.0"
        },
        "pymysql": {
            "hashes": [
                "sha256:3943fbbbc1e902f41daf7f9165519f140c4451c179380677e6a848587042561a",
                "sha256:d8c059dcd81dedb85a9f034d5e22dcb4442c0b201908bede99e306d65ea7c8e7"
            ],
            "index": "pypi",
            "version": "==0.9.3"
        }
    },
    "develop": {}
}
